// !$*UTF8*$!
{
	archiveVersion = 1;
	classes = {
	};
	objectVersion = 46;
	objects = {

/* Begin PBXBuildFile section */
		1959BFFD1D4CFBFA0091F507 /* AppDelegate.swift in Sources */ = {isa = PBXBuildFile; fileRef = 1959BFFC1D4CFBFA0091F507 /* AppDelegate.swift */; };
		1959BFFF1D4CFBFA0091F507 /* ViewController.swift in Sources */ = {isa = PBXBuildFile; fileRef = 1959BFFE1D4CFBFA0091F507 /* ViewController.swift */; };
		1959C0021D4CFBFA0091F507 /* Main.storyboard in Resources */ = {isa = PBXBuildFile; fileRef = 1959C0001D4CFBFA0091F507 /* Main.storyboard */; };
		1959C0041D4CFBFA0091F507 /* Assets.xcassets in Resources */ = {isa = PBXBuildFile; fileRef = 1959C0031D4CFBFA0091F507 /* Assets.xcassets */; };
		1959C0071D4CFBFA0091F507 /* LaunchScreen.storyboard in Resources */ = {isa = PBXBuildFile; fileRef = 1959C0051D4CFBFA0091F507 /* LaunchScreen.storyboard */; };
		1959C0121D4CFBFA0091F507 /* FirstKadaiAppTests.swift in Sources */ = {isa = PBXBuildFile; fileRef = 1959C0111D4CFBFA0091F507 /* FirstKadaiAppTests.swift */; };
		1959C01D1D4CFBFA0091F507 /* FirstKadaiAppUITests.swift in Sources */ = {isa = PBXBuildFile; fileRef = 1959C01C1D4CFBFA0091F507 /* FirstKadaiAppUITests.swift */; };
/* End PBXBuildFile section */

/* Begin PBXContainerItemProxy section */
		1959C00E1D4CFBFA0091F507 /* PBXContainerItemProxy */ = {
			isa = PBXContainerItemProxy;
			containerPortal = 1959BFF11D4CFBF90091F507 /* Project object */;
			proxyType = 1;
			remoteGlobalIDString = 1959BFF81D4CFBFA0091F507;
			remoteInfo = FirstKadaiApp;
		};
		1959C0191D4CFBFA0091F507 /* PBXContainerItemProxy */ = {
			isa = PBXContainerItemProxy;
			containerPortal = 1959BFF11D4CFBF90091F507 /* Project object */;
			proxyType = 1;
			remoteGlobalIDString = 1959BFF81D4CFBFA0091F507;
			remoteInfo = FirstKadaiApp;
		};
/* End PBXContainerItemProxy section */

/* Begin PBXFileReference section */
		1959BFF91D4CFBFA0091F507 /* FirstKadaiApp.app */ = {isa = PBXFileReference; explicitFileType = wrapper.application; includeInIndex = 0; path = FirstKadaiApp.app; sourceTree = BUILT_PRODUCTS_DIR; };
		1959BFFC1D4CFBFA0091F507 /* AppDelegate.swift */ = {isa = PBXFileReference; lastKnownFileType = sourcecode.swift; path = AppDelegate.swift; sourceTree = "<group>"; };
		1959BFFE1D4CFBFA0091F507 /* ViewController.swift */ = {isa = PBXFileReference; lastKnownFileType = sourcecode.swift; path = ViewController.swift; sourceTree = "<group>"; };
		1959C0011D4CFBFA0091F507 /* Base */ = {isa = PBXFileReference; lastKnownFileType = file.storyboard; name = Base; path = Base.lproj/Main.storyboard; sourceTree = "<group>"; };
		1959C0031D4CFBFA0091F507 /* Assets.xcassets */ = {isa = PBXFileReference; lastKnownFileType = folder.assetcatalog; path = Assets.xcassets; sourceTree = "<group>"; };
		1959C0061D4CFBFA0091F507 /* Base */ = {isa = PBXFileReference; lastKnownFileType = file.storyboard; name = Base; path = Base.lproj/LaunchScreen.storyboard; sourceTree = "<group>"; };
		1959C0081D4CFBFA0091F507 /* Info.plist */ = {isa = PBXFileReference; lastKnownFileType = text.plist.xml; path = Info.plist; sourceTree = "<group>"; };
		1959C00D1D4CFBFA0091F507 /* FirstKadaiAppTests.xctest */ = {isa = PBXFileReference; explicitFileType = wrapper.cfbundle; includeInIndex = 0; path = FirstKadaiAppTests.xctest; sourceTree = BUILT_PRODUCTS_DIR; };
		1959C0111D4CFBFA0091F507 /* FirstKadaiAppTests.swift */ = {isa = PBXFileReference; lastKnownFileType = sourcecode.swift; path = FirstKadaiAppTests.swift; sourceTree = "<group>"; };
		1959C0131D4CFBFA0091F507 /* Info.plist */ = {isa = PBXFileReference; lastKnownFileType = text.plist.xml; path = Info.plist; sourceTree = "<group>"; };
		1959C0181D4CFBFA0091F507 /* FirstKadaiAppUITests.xctest */ = {isa = PBXFileReference; explicitFileType = wrapper.cfbundle; includeInIndex = 0; path = FirstKadaiAppUITests.xctest; sourceTree = BUILT_PRODUCTS_DIR; };
		1959C01C1D4CFBFA0091F507 /* FirstKadaiAppUITests.swift */ = {isa = PBXFileReference; lastKnownFileType = sourcecode.swift; path = FirstKadaiAppUITests.swift; sourceTree = "<group>"; };
		1959C01E1D4CFBFA0091F507 /* Info.plist */ = {isa = PBXFileReference; lastKnownFileType = text.plist.xml; path = Info.plist; sourceTree = "<group>"; };
/* End PBXFileReference section */

/* Begin PBXFrameworksBuildPhase section */
		1959BFF61D4CFBFA0091F507 /* Frameworks */ = {
			isa = PBXFrameworksBuildPhase;
			buildActionMask = 2147483647;
			files = (
			);
			runOnlyForDeploymentPostprocessing = 0;
		};
		1959C00A1D4CFBFA0091F507 /* Frameworks */ = {
			isa = PBXFrameworksBuildPhase;
			buildActionMask = 2147483647;
			files = (
			);
			runOnlyForDeploymentPostprocessing = 0;
		};
		1959C0151D4CFBFA0091F507 /* Frameworks */ = {
			isa = PBXFrameworksBuildPhase;
			buildActionMask = 2147483647;
			files = (
			);
			runOnlyForDeploymentPostprocessing = 0;
		};
/* End PBXFrameworksBuildPhase section */

/* Begin PBXGroup section */
		1959BFF01D4CFBF90091F507 = {
			isa = PBXGroup;
			children = (
				1959BFFB1D4CFBFA0091F507 /* FirstKadaiApp */,
				1959C0101D4CFBFA0091F507 /* FirstKadaiAppTests */,
				1959C01B1D4CFBFA0091F507 /* FirstKadaiAppUITests */,
				1959BFFA1D4CFBFA0091F507 /* Products */,
			);
			sourceTree = "<group>";
		};
		1959BFFA1D4CFBFA0091F507 /* Products */ = {
			isa = PBXGroup;
			children = (
				1959BFF91D4CFBFA0091F507 /* FirstKadaiApp.app */,
				1959C00D1D4CFBFA0091F507 /* FirstKadaiAppTests.xctest */,
				1959C0181D4CFBFA0091F507 /* FirstKadaiAppUITests.xctest */,
			);
			name = Products;
			sourceTree = "<group>";
		};
		1959BFFB1D4CFBFA0091F507 /* FirstKadaiApp */ = {
			isa = PBXGroup;
			children = (
				1959BFFC1D4CFBFA0091F507 /* AppDelegate.swift */,
				1959BFFE1D4CFBFA0091F507 /* ViewController.swift */,
				1959C0001D4CFBFA0091F507 /* Main.storyboard */,
				1959C0031D4CFBFA0091F507 /* Assets.xcassets */,
				1959C0051D4CFBFA0091F507 /* LaunchScreen.storyboard */,
				1959C0081D4CFBFA0091F507 /* Info.plist */,
			);
			path = FirstKadaiApp;
			sourceTree = "<group>";
		};
		1959C0101D4CFBFA0091F507 /* FirstKadaiAppTests */ = {
			isa = PBXGroup;
			children = (
				1959C0111D4CFBFA0091F507 /* FirstKadaiAppTests.swift */,
				1959C0131D4CFBFA0091F507 /* Info.plist */,
			);
			path = FirstKadaiAppTests;
			sourceTree = "<group>";
		};
		1959C01B1D4CFBFA0091F507 /* FirstKadaiAppUITests */ = {
			isa = PBXGroup;
			children = (
				1959C01C1D4CFBFA0091F507 /* FirstKadaiAppUITests.swift */,
				1959C01E1D4CFBFA0091F507 /* Info.plist */,
			);
			path = FirstKadaiAppUITests;
			sourceTree = "<group>";
		};
/* End PBXGroup section */

/* Begin PBXNativeTarget section */
		1959BFF81D4CFBFA0091F507 /* FirstKadaiApp */ = {
			isa = PBXNativeTarget;
			buildConfigurationList = 1959C0211D4CFBFA0091F507 /* Build configuration list for PBXNativeTarget "FirstKadaiApp" */;
			buildPhases = (
				1959BFF51D4CFBFA0091F507 /* Sources */,
				1959BFF61D4CFBFA0091F507 /* Frameworks */,
				1959BFF71D4CFBFA0091F507 /* Resources */,
			);
			buildRules = (
			);
			dependencies = (
			);
			name = FirstKadaiApp;
			productName = FirstKadaiApp;
			productReference = 1959BFF91D4CFBFA0091F507 /* FirstKadaiApp.app */;
			productType = "com.apple.product-type.application";
		};
		1959C00C1D4CFBFA0091F507 /* FirstKadaiAppTests */ = {
			isa = PBXNativeTarget;
			buildConfigurationList = 1959C0241D4CFBFA0091F507 /* Build configuration list for PBXNativeTarget "FirstKadaiAppTests" */;
			buildPhases = (
				1959C0091D4CFBFA0091F507 /* Sources */,
				1959C00A1D4CFBFA0091F507 /* Frameworks */,
				1959C00B1D4CFBFA0091F507 /* Resources */,
			);
			buildRules = (
			);
			dependencies = (
				1959C00F1D4CFBFA0091F507 /* PBXTargetDependency */,
			);
			name = FirstKadaiAppTests;
			productName = FirstKadaiAppTests;
			productReference = 1959C00D1D4CFBFA0091F507 /* FirstKadaiAppTests.xctest */;
			productType = "com.apple.product-type.bundle.unit-test";
		};
		1959C0171D4CFBFA0091F507 /* FirstKadaiAppUITests */ = {
			isa = PBXNativeTarget;
			buildConfigurationList = 1959C0271D4CFBFA0091F507 /* Build configuration list for PBXNativeTarget "FirstKadaiAppUITests" */;
			buildPhases = (
				1959C0141D4CFBFA0091F507 /* Sources */,
				1959C0151D4CFBFA0091F507 /* Frameworks */,
				1959C0161D4CFBFA0091F507 /* Resources */,
			);
			buildRules = (
			);
			dependencies = (
				1959C01A1D4CFBFA0091F507 /* PBXTargetDependency */,
			);
			name = FirstKadaiAppUITests;
			productName = FirstKadaiAppUITests;
			productReference = 1959C0181D4CFBFA0091F507 /* FirstKadaiAppUITests.xctest */;
			productType = "com.apple.product-type.bundle.ui-testing";
		};
/* End PBXNativeTarget section */

/* Begin PBXProject section */
		1959BFF11D4CFBF90091F507 /* Project object */ = {
			isa = PBXProject;
			attributes = {
				LastSwiftUpdateCheck = 0730;
				LastUpgradeCheck = 0730;
				ORGANIZATIONNAME = mycompany;
				TargetAttributes = {
					1959BFF81D4CFBFA0091F507 = {
						CreatedOnToolsVersion = 7.3;
						DevelopmentTeam = 8XHZKK774L;
					};
					1959C00C1D4CFBFA0091F507 = {
						CreatedOnToolsVersion = 7.3;
						DevelopmentTeam = 8XHZKK774L;
						TestTargetID = 1959BFF81D4CFBFA0091F507;
					};
					1959C0171D4CFBFA0091F507 = {
						CreatedOnToolsVersion = 7.3;
						DevelopmentTeam = 8XHZKK774L;
						TestTargetID = 1959BFF81D4CFBFA0091F507;
					};
				};
			};
			buildConfigurationList = 1959BFF41D4CFBFA0091F507 /* Build configuration list for PBXProject "FirstKadaiApp" */;
			compatibilityVersion = "Xcode 3.2";
			developmentRegion = English;
			hasScannedForEncodings = 0;
			knownRegions = (
				en,
				Base,
			);
			mainGroup = 1959BFF01D4CFBF90091F507;
			productRefGroup = 1959BFFA1D4CFBFA0091F507 /* Products */;
			projectDirPath = "";
			projectRoot = "";
			targets = (
				1959BFF81D4CFBFA0091F507 /* FirstKadaiApp */,
				1959C00C1D4CFBFA0091F507 /* FirstKadaiAppTests */,
				1959C0171D4CFBFA0091F507 /* FirstKadaiAppUITests */,
			);
		};
/* End PBXProject section */

/* Begin PBXResourcesBuildPhase section */
		1959BFF71D4CFBFA0091F507 /* Resources */ = {
			isa = PBXResourcesBuildPhase;
			buildActionMask = 2147483647;
			files = (
				1959C0071D4CFBFA0091F507 /* LaunchScreen.storyboard in Resources */,
				1959C0041D4CFBFA0091F507 /* Assets.xcassets in Resources */,
				1959C0021D4CFBFA0091F507 /* Main.storyboard in Resources */,
			);
			runOnlyForDeploymentPostprocessing = 0;
		};
		1959C00B1D4CFBFA0091F507 /* Resources */ = {
			isa = PBXResourcesBuildPhase;
			buildActionMask = 2147483647;
			files = (
			);
			runOnlyForDeploymentPostprocessing = 0;
		};
		1959C0161D4CFBFA0091F507 /* Resources */ = {
			isa = PBXResourcesBuildPhase;
			buildActionMask = 2147483647;
			files = (
			);
			runOnlyForDeploymentPostprocessing = 0;
		};
/* End PBXResourcesBuildPhase section */

/* Begin PBXSourcesBuildPhase section */
		1959BFF51D4CFBFA0091F507 /* Sources */ = {
			isa = PBXSourcesBuildPhase;
			buildActionMask = 2147483647;
			files = (
				1959BFFF1D4CFBFA0091F507 /* ViewController.swift in Sources */,
				1959BFFD1D4CFBFA0091F507 /* AppDelegate.swift in Sources */,
			);
			runOnlyForDeploymentPostprocessing = 0;
		};
		1959C0091D4CFBFA0091F507 /* Sources */ = {
			isa = PBXSourcesBuildPhase;
			buildActionMask = 2147483647;
			files = (
				1959C0121D4CFBFA0091F507 /* FirstKadaiAppTests.swift in Sources */,
			);
			runOnlyForDeploymentPostprocessing = 0;
		};
		1959C0141D4CFBFA0091F507 /* Sources */ = {
			isa = PBXSourcesBuildPhase;
			buildActionMask = 2147483647;
			files = (
				1959C01D1D4CFBFA0091F507 /* FirstKadaiAppUITests.swift in Sources */,
			);
			runOnlyForDeploymentPostprocessing = 0;
		};
/* End PBXSourcesBuildPhase section */

/* Begin PBXTargetDependency section */
		1959C00F1D4CFBFA0091F507 /* PBXTargetDependency */ = {
			isa = PBXTargetDependency;
			target = 1959BFF81D4CFBFA0091F507 /* FirstKadaiApp */;
			targetProxy = 1959C00E1D4CFBFA0091F507 /* PBXContainerItemProxy */;
		};
		1959C01A1D4CFBFA0091F507 /* PBXTargetDependency */ = {
			isa = PBXTargetDependency;
			target = 1959BFF81D4CFBFA0091F507 /* FirstKadaiApp */;
			targetProxy = 1959C0191D4CFBFA0091F507 /* PBXContainerItemProxy */;
		};
/* End PBXTargetDependency section */

/* Begin PBXVariantGroup section */
		1959C0001D4CFBFA0091F507 /* Main.storyboard */ = {
			isa = PBXVariantGroup;
			children = (
				1959C0011D4CFBFA0091F507 /* Base */,
			);
			name = Main.storyboard;
			sourceTree = "<group>";
		};
		1959C0051D4CFBFA0091F507 /* LaunchScreen.storyboard */ = {
			isa = PBXVariantGroup;
			children = (
				1959C0061D4CFBFA0091F507 /* Base */,
			);
			name = LaunchScreen.storyboard;
			sourceTree = "<group>";
		};
/* End PBXVariantGroup section */

/* Begin XCBuildConfiguration section */
		1959C01F1D4CFBFA0091F507 /* Debug */ = {
			isa = XCBuildConfiguration;
			buildSettings = {
				ALWAYS_SEARCH_USER_PATHS = NO;
				CLANG_ANALYZER_NONNULL = YES;
				CLANG_CXX_LANGUAGE_STANDARD = "gnu++0x";
				CLANG_CXX_LIBRARY = "libc++";
				CLANG_ENABLE_MODULES = YES;
				CLANG_ENABLE_OBJC_ARC = YES;
				CLANG_WARN_BOOL_CONVERSION = YES;
				CLANG_WARN_CONSTANT_CONVERSION = YES;
				CLANG_WARN_DIRECT_OBJC_ISA_USAGE = YES_ERROR;
				CLANG_WARN_EMPTY_BODY = YES;
				CLANG_WARN_ENUM_CONVERSION = YES;
				CLANG_WARN_INT_CONVERSION = YES;
				CLANG_WARN_OBJC_ROOT_CLASS = YES_ERROR;
				CLANG_WARN_UNREACHABLE_CODE = YES;
				CLANG_WARN__DUPLICATE_METHOD_MATCH = YES;
				"CODE_SIGN_IDENTITY[sdk=iphoneos*]" = "iPhone Developer";
				COPY_PHASE_STRIP = NO;
				DEBUG_INFORMATION_FORMAT = dwarf;
				ENABLE_STRICT_OBJC_MSGSEND = YES;
				ENABLE_TESTABILITY = YES;
				GCC_C_LANGUAGE_STANDARD = gnu99;
				GCC_DYNAMIC_NO_PIC = NO;
				GCC_NO_COMMON_BLOCKS = YES;
				GCC_OPTIMIZATION_LEVEL = 0;
				GCC_PREPROCESSOR_DEFINITIONS = (
					"DEBUG=1",
					"$(inherited)",
				);
				GCC_WARN_64_TO_32_BIT_CONVERSION = YES;
				GCC_WARN_ABOUT_RETURN_TYPE = YES_ERROR;
				GCC_WARN_UNDECLARED_SELECTOR = YES;
				GCC_WARN_UNINITIALIZED_AUTOS = YES_AGGRESSIVE;
				GCC_WARN_UNUSED_FUNCTION = YES;
				GCC_WARN_UNUSED_VARIABLE = YES;
				IPHONEOS_DEPLOYMENT_TARGET = 9.3;
				MTL_ENABLE_DEBUG_INFO = YES;
				ONLY_ACTIVE_ARCH = YES;
				SDKROOT = iphoneos;
				SWIFT_OPTIMIZATION_LEVEL = "-Onone";
			};
			name = Debug;
		};
		1959C0201D4CFBFA0091F507 /* Release */ = {
			isa = XCBuildConfiguration;
			buildSettings = {
				ALWAYS_SEARCH_USER_PATHS = NO;
				CLANG_ANALYZER_NONNULL = YES;
				CLANG_CXX_LANGUAGE_STANDARD = "gnu++0x";
				CLANG_CXX_LIBRARY = "libc++";
				CLANG_ENABLE_MODULES = YES;
				CLANG_ENABLE_OBJC_ARC = YES;
				CLANG_WARN_BOOL_CONVERSION = YES;
				CLANG_WARN_CONSTANT_CONVERSION = YES;
				CLANG_WARN_DIRECT_OBJC_ISA_USAGE = YES_ERROR;
				CLANG_WARN_EMPTY_BODY = YES;
				CLANG_WARN_ENUM_CONVERSION = YES;
				CLANG_WARN_INT_CONVERSION = YES;
				CLANG_WARN_OBJC_ROOT_CLASS = YES_ERROR;
				CLANG_WARN_UNREACHABLE_CODE = YES;
				CLANG_WARN__DUPLICATE_METHOD_MATCH = YES;
				"CODE_SIGN_IDENTITY[sdk=iphoneos*]" = "iPhone Developer";
				COPY_PHASE_STRIP = NO;
				DEBUG_INFORMATION_FORMAT = "dwarf-with-dsym";
				ENABLE_NS_ASSERTIONS = NO;
				ENABLE_STRICT_OBJC_MSGSEND = YES;
				GCC_C_LANGUAGE_STANDARD = gnu99;
				GCC_NO_COMMON_BLOCKS = YES;
				GCC_WARN_64_TO_32_BIT_CONVERSION = YES;
				GCC_WARN_ABOUT_RETURN_TYPE = YES_ERROR;
				GCC_WARN_UNDECLARED_SELECTOR = YES;
				GCC_WARN_UNINITIALIZED_AUTOS = YES_AGGRESSIVE;
				GCC_WARN_UNUSED_FUNCTION = YES;
				GCC_WARN_UNUSED_VARIABLE = YES;
				IPHONEOS_DEPLOYMENT_TARGET = 9.3;
				MTL_ENABLE_DEBUG_INFO = NO;
				SDKROOT = iphoneos;
				VALIDATE_PRODUCT = YES;
			};
			name = Release;
		};
		1959C0221D4CFBFA0091F507 /* Debug */ = {
			isa = XCBuildConfiguration;
			buildSettings = {
				ASSETCATALOG_COMPILER_APPICON_NAME = AppIcon;
				INFOPLIST_FILE = FirstKadaiApp/Info.plist;
				LD_RUNPATH_SEARCH_PATHS = "$(inherited) @executable_path/Frameworks";
				PRODUCT_BUNDLE_IDENTIFIER = com.mycompany.FirstKadaiApp;
				PRODUCT_NAME = "$(TARGET_NAME)";
			};
			name = Debug;
		};
		1959C0231D4CFBFA0091F507 /* Release */ = {
			isa = XCBuildConfiguration;
			buildSettings = {
				ASSETCATALOG_COMPILER_APPICON_NAME = AppIcon;
				INFOPLIST_FILE = FirstKadaiApp/Info.plist;
				LD_RUNPATH_SEARCH_PATHS = "$(inherited) @executable_path/Frameworks";
				PRODUCT_BUNDLE_IDENTIFIER = com.mycompany.FirstKadaiApp;
				PRODUCT_NAME = "$(TARGET_NAME)";
			};
			name = Release;
		};
		1959C0251D4CFBFA0091F507 /* Debug */ = {
			isa = XCBuildConfiguration;
			buildSettings = {
				BUNDLE_LOADER = "$(TEST_HOST)";
				INFOPLIST_FILE = FirstKadaiAppTests/Info.plist;
				LD_RUNPATH_SEARCH_PATHS = "$(inherited) @executable_path/Frameworks @loader_path/Frameworks";
				PRODUCT_BUNDLE_IDENTIFIER = com.mycompany.FirstKadaiAppTests;
				PRODUCT_NAME = "$(TARGET_NAME)";
				TEST_HOST = "$(BUILT_PRODUCTS_DIR)/FirstKadaiApp.app/FirstKadaiApp";
			};
			name = Debug;
		};
		1959C0261D4CFBFA0091F507 /* Release */ = {
			isa = XCBuildConfiguration;
			buildSettings = {
				BUNDLE_LOADER = "$(TEST_HOST)";
				INFOPLIST_FILE = FirstKadaiAppTests/Info.plist;
				LD_RUNPATH_SEARCH_PATHS = "$(inherited) @executable_path/Frameworks @loader_path/Frameworks";
				PRODUCT_BUNDLE_IDENTIFIER = com.mycompany.FirstKadaiAppTests;
				PRODUCT_NAME = "$(TARGET_NAME)";
				TEST_HOST = "$(BUILT_PRODUCTS_DIR)/FirstKadaiApp.app/FirstKadaiApp";
			};
			name = Release;
		};
		1959C0281D4CFBFA0091F507 /* Debug */ = {
			isa = XCBuildConfiguration;
			buildSettings = {
				INFOPLIST_FILE = FirstKadaiAppUITests/Info.plist;
				LD_RUNPATH_SEARCH_PATHS = "$(inherited) @executable_path/Frameworks @loader_path/Frameworks";
				PRODUCT_BUNDLE_IDENTIFIER = com.mycompany.FirstKadaiAppUITests;
				PRODUCT_NAME = "$(TARGET_NAME)";
				TEST_TARGET_NAME = FirstKadaiApp;
			};
			name = Debug;
		};
		1959C0291D4CFBFA0091F507 /* Release */ = {
			isa = XCBuildConfiguration;
			buildSettings = {
				INFOPLIST_FILE = FirstKadaiAppUITests/Info.plist;
				LD_RUNPATH_SEARCH_PATHS = "$(inherited) @executable_path/Frameworks @loader_path/Frameworks";
				PRODUCT_BUNDLE_IDENTIFIER = com.mycompany.FirstKadaiAppUITests;
				PRODUCT_NAME = "$(TARGET_NAME)";
				TEST_TARGET_NAME = FirstKadaiApp;
			};
			name = Release;
		};
/* End XCBuildConfiguration section */

/* Begin XCConfigurationList section */
		1959BFF41D4CFBFA0091F507 /* Build configuration list for PBXProject "FirstKadaiApp" */ = {
			isa = XCConfigurationList;
			buildConfigurations = (
				1959C01F1D4CFBFA0091F507 /* Debug */,
				1959C0201D4CFBFA0091F507 /* Release */,
			);
			defaultConfigurationIsVisible = 0;
			defaultConfigurationName = Release;
		};
		1959C0211D4CFBFA0091F507 /* Build configuration list for PBXNativeTarget "FirstKadaiApp" */ = {
			isa = XCConfigurationList;
			buildConfigurations = (
				1959C0221D4CFBFA0091F507 /* Debug */,
				1959C0231D4CFBFA0091F507 /* Release */,
			);
			defaultConfigurationIsVisible = 0;
		};
		1959C0241D4CFBFA0091F507 /* Build configuration list for PBXNativeTarget "FirstKadaiAppTests" */ = {
			isa = XCConfigurationList;
			buildConfigurations = (
				1959C0251D4CFBFA0091F507 /* Debug */,
				1959C0261D4CFBFA0091F507 /* Release */,
			);
			defaultConfigurationIsVisible = 0;
		};
		1959C0271D4CFBFA0091F507 /* Build configuration list for PBXNativeTarget "FirstKadaiAppUITests" */ = {
			isa = XCConfigurationList;
			buildConfigurations = (
				1959C0281D4CFBFA0091F507 /* Debug */,
				1959C0291D4CFBFA0091F507 /* Release */,
			);
			defaultConfigurationIsVisible = 0;
		};
/* End XCConfigurationList section */
	};
	rootObject = 1959BFF11D4CFBF90091F507 /* Project object */;
}
